
Microsoft Visual Studio Solution File, Format Version 12.00
# Visual Studio 15
VisualStudioVersion = 15.0.27703.2000
MinimumVisualStudioVersion = 10.0.40219.1
Project("{FAE04EC0-301F-11D3-BF4B-00C04F79EFBC}") = "MVCPractice2", "MVCPractice2\MVCPractice2.csproj", "{087F61B6-01DE-40C3-90AC-FA1DA5773BE7}"
EndProject
Global
	GlobalSection(SolutionConfigurationPlatforms) = preSolution
		Debug|Any CPU = Debug|Any CPU
		Release|Any CPU = Release|Any CPU
	EndGlobalSection
	GlobalSection(ProjectConfigurationPlatforms) = postSolution
		{087F61B6-01DE-40C3-90AC-FA1DA5773BE7}.Debug|Any CPU.ActiveCfg = Debug|Any CPU
		{087F61B6-01DE-40C3-90AC-FA1DA5773BE7}.Debug|Any CPU.Build.0 = Debug|Any CPU
		{087F61B6-01DE-40C3-90AC-FA1DA5773BE7}.Release|Any CPU.ActiveCfg = Release|Any CPU
		{087F61B6-01DE-40C3-90AC-FA1DA5773BE7}.Release|Any CPU.Build.0 = Release|Any CPU
	EndGlobalSection
	GlobalSection(SolutionProperties) = preSolution
		HideSolutionNode = FALSE
	EndGlobalSection
	GlobalSection(ExtensibilityGlobals) = postSolution
		SolutionGuid = {0A8B3733-1AAD-405C-A1A4-CB72E5C6BA7D}
	EndGlobalSection
EndGlobal
